{
  "name": "talk-to-the-worm",
  "version": "0.1.0",
  "lockfileVersion": 3,
  "requires": true,
  "packages": {
    "": {
      "name": "talk-to-the-worm",
      "version": "0.1.0",
      "dependencies": {
        "obscenity": "^0.4.6",
        "ws": "^8.22.0"
      },
      "engines": {
        "node": ">=20"
      }
    },
    "node_modules/obscenity": {
      "version": "0.4.6",
      "resolved": "https://registry.npmjs.org/obscenity/-/obscenity-0.4.6.tgz",
      "integrity": "sha512-pHk7kNN7j3L3zGhhGnwxjvXIGsPpLrcZl2r58fqWh/V/rH6b/dafscj2sMmAY+A/9/wPsocLmimgGk2DKeKsFQ==",
      "license": "MIT",
      "engines": {
        "node": ">=18.0.0"
      }
    },
    "node_modules/ws": {
      "version": "8.22.0",
      "resolved": "https://registry.npmjs.org/ws/-/ws-8.22.0.tgz",
      "integrity": "sha512-Ydggc987+RO0AnWtZ/7Wq9FtNvcrL1b/RO0ud9mWjUPgDrsAAwQSF51sm2hm1XofbU/4jkpGEsLFsZZxU+1DOg==",
      "license": "MIT",
      "engines": {
        "node": ">=10.0.0"
      },
      "peerDependencies": {
        "bufferutil": "^4.0.1",
        "utf-8-validate": ">=5.0.2"
      },
      "peerDependenciesMeta": {
        "bufferutil": {
          "optional": true
        },
        "utf-8-validate": {
          "optional": true
        }
      }
    }
  }
}
